Microsoft Visual Studio Solution File, Format Version 12.00
# Visual Studio Version 17
VisualStudioVersion = 17.0.31903.59
MinimumVisualStudioVersion = 10.0.40219.1
Project("{FAE04EC0-301F-11D3-BF4B-00C04F79EFBC}") = "Api-version", "Api-version\Api-version.csproj", "{0A3168AD-9F76-4851-94A8-2CE2E5F758B2}"
EndProject
Project("{FAE04EC0-301F-11D3-BF4B-00C04F79EFBC}") = "Api-version.Es", "Api-version.Es\Api-version.Es.csproj", "{9B0D0A1E-DF7F-4B9E-BA5E-9E69CDF60B77}"
EndProject
Project("{FAE04EC0-301F-11D3-BF4B-00C04F79EFBC}") = "Api-version.Kz", "Api-version.Kz\Api-version.Kz.csproj", "{C8D0B2E5-EF7F-5B9E-CA5E-9F69CDF61B88}"
EndProject
Global
	GlobalSection(SolutionConfigurationPlatforms) = preSolution
		Debug|Any CPU = Debug|Any CPU
		Release|Any CPU = Release|Any CPU
	EndGlobalSection
	GlobalSection(SolutionProperties) = preSolution
		HideSolutionNode = FALSE
	EndGlobalSection
	GlobalSection(ProjectConfigurationPlatforms) = postSolution
		{0A3168AD-9F76-4851-94A8-2CE2E5F758B2}.Debug|Any CPU.ActiveCfg = Debug|Any CPU
		{0A3168AD-9F76-4851-94A8-2CE2E5F758B2}.Debug|Any CPU.Build.0 = Debug|Any CPU
		{0A3168AD-9F76-4851-94A8-2CE2E5F758B2}.Release|Any CPU.ActiveCfg = Release|Any CPU
		{0A3168AD-9F76-4851-94A8-2CE2E5F758B2}.Release|Any CPU.Build.0 = Release|Any CPU
		{9B0D0A1E-DF7F-4B9E-BA5E-9E69CDF60B77}.Debug|Any CPU.ActiveCfg = Debug|Any CPU
		{9B0D0A1E-DF7F-4B9E-BA5E-9E69CDF60B77}.Debug|Any CPU.Build.0 = Debug|Any CPU
		{9B0D0A1E-DF7F-4B9E-BA5E-9E69CDF60B77}.Release|Any CPU.ActiveCfg = Release|Any CPU
		{9B0D0A1E-DF7F-4B9E-BA5E-9E69CDF60B77}.Release|Any CPU.Build.0 = Release|Any CPU
		{C8D0B2E5-EF7F-5B9E-CA5E-9F69CDF61B88}.Debug|Any CPU.ActiveCfg = Debug|Any CPU
		{C8D0B2E5-EF7F-5B9E-CA5E-9F69CDF61B88}.Debug|Any CPU.Build.0 = Debug|Any CPU
		{C8D0B2E5-EF7F-5B9E-CA5E-9F69CDF61B88}.Release|Any CPU.ActiveCfg = Release|Any CPU
		{C8D0B2E5-EF7F-5B9E-CA5E-9F69CDF61B88}.Release|Any CPU.Build.0 = Release|Any CPU
	EndGlobalSection
EndGlobal
